PODS:
  - CYLTabBarController (1.17.6)
  - RxCocoa (4.1.2):
    - RxSwift (~> 4.0)
  - RxSwift (4.1.2)

DEPENDENCIES:
  - CYLTabBarController (~> 1.17.4)
  - RxCocoa
  - RxSwift

SPEC REPOS:
  https://github.com/CocoaPods/Specs.git:
    - CYLTabBarController
    - RxCocoa
    - RxSwift

SPEC CHECKSUMS:
  CYLTabBarController: c374643dea6dadece8bdff9c70f7387f8ffd7d08
  RxCocoa: d88ba0f1f6abf040011a9eb4b539324fc426843a
  RxSwift: e49536837d9901277638493ea537394d4b55f570

PODFILE CHECKSUM: ba4d5269bf54a08124a8f65ac180c8b32ded9f76

COCOAPODS: 1.5.0
